lockfileVersion: '9.0'

settings:
  autoInstallPeers: true
  excludeLinksFromLockfile: false

importers:

  .:
    devDependencies:
      '@nl-design-system-candidate/paragraph-css':
        specifier: ^2.0.0
        version: 2.0.0
      '@nl-design-system-community/purmerend-design-tokens':
        specifier: ^1.2.2
        version: 1.2.3
      '@nl-rvo/css-heading':
        specifier: 1.2.0
        version: 1.2.0

packages:

  '@nl-design-system-candidate/paragraph-css@2.0.0':
    resolution: {integrity: sha512-zzanE+nDSR0+LgFYVyp7r+ZoOO8lIioxV9uOjjgP+5hpJQ6rRSr0VWj9VDEEGCSil6XE38o2sdTJXN4+R1SxDQ==}

  '@nl-design-system-community/purmerend-design-tokens@1.2.3':
    resolution: {integrity: sha512-fV7scMOjHmJBR6DF0vCY0GLLllqAAJdtTjLQMWOpwgtEmtZ6DST1kGB5wJSxfZPJuzeROP+2lEplQHP5vXgm/Q==}

  '@nl-rvo/css-heading@1.2.0':
    resolution: {integrity: sha512-kScnJW7E0MeRsxc7e3Z8j4gAlPsYjLIAIT8EXjKasR3uT75sRXUCgH36NCX7JXAcHtoEa7B3YFjAAhwQhDNWrQ==}

  '@utrecht/heading-1-css@1.3.0':
    resolution: {integrity: sha512-3N9X4Mw9MLia+aeTOhZMT1BGaxj5cmpkUVlFGimc330U6eBW3oNI4ML6zNioqYOGqxkAvwuFSnfcDKCU5DVn6g==}

  '@utrecht/heading-2-css@1.3.0':
    resolution: {integrity: sha512-uyDwetAE06O7o6igCIvTD2q/Gu6HFjLt9q7HE7h5+a0zqs1OAtQLlzL9hE0Q0jUKEvFpb5Ma1BpsqCcZYHxvLQ==}

  '@utrecht/heading-3-css@1.3.0':
    resolution: {integrity: sha512-TRecTs4f4chg0Bm1uCj0Slsj3DzkmOKX+JR8tEXb/vHgtlXnvYcEQA+rhIaz76fVHwy6z+QthCKDnexLImXqHQ==}

  '@utrecht/heading-4-css@1.3.0':
    resolution: {integrity: sha512-o5aMsyo5pDOZ4k+1GeaFlC1LvTt7iKi/NjI6wdk3cn1VpsafmvC9ypwA5el5QB1m6EtJEGsSvievixZfOFvXpw==}

  '@utrecht/heading-5-css@1.3.0':
    resolution: {integrity: sha512-f2ZhthrMfuht/DL7hVtRpZSmx1mdP15NomR5ENMqHL2L+CqQWitTLiYxHxVftHm9OcHJCXpuQ1c8wSpUojUk8g==}

  '@utrecht/heading-6-css@1.3.0':
    resolution: {integrity: sha512-SSOjdANmtkORVHdgKbYz260LzJ4MkmpDyol1njLE2o8QWFZqe24VGUTWuWNbNaNG6RGtgZkP0Qf4xWFDKodsxA==}

snapshots:

  '@nl-design-system-candidate/paragraph-css@2.0.0': {}

  '@nl-design-system-community/purmerend-design-tokens@1.2.3': {}

  '@nl-rvo/css-heading@1.2.0':
    dependencies:
      '@utrecht/heading-1-css': 1.3.0
      '@utrecht/heading-2-css': 1.3.0
      '@utrecht/heading-3-css': 1.3.0
      '@utrecht/heading-4-css': 1.3.0
      '@utrecht/heading-5-css': 1.3.0
      '@utrecht/heading-6-css': 1.3.0

  '@utrecht/heading-1-css@1.3.0': {}

  '@utrecht/heading-2-css@1.3.0': {}

  '@utrecht/heading-3-css@1.3.0': {}

  '@utrecht/heading-4-css@1.3.0': {}

  '@utrecht/heading-5-css@1.3.0': {}

  '@utrecht/heading-6-css@1.3.0': {}
